
Microsoft Visual Studio Solution File, Format Version 12.00
# Visual Studio Version 17
VisualStudioVersion = 17.5.33530.505
MinimumVisualStudioVersion = 10.0.40219.1
Project("{FAE04EC0-301F-11D3-BF4B-00C04F79EFBC}") = "Userinterface", "Userinterface\Userinterface.csproj", "{01908EC6-2770-4761-9B48-1BA03F124E84}"
EndProject
Global
	GlobalSection(SolutionConfigurationPlatforms) = preSolution
		Debug|Any CPU = Debug|Any CPU
		Release|Any CPU = Release|Any CPU
	EndGlobalSection
	GlobalSection(ProjectConfigurationPlatforms) = postSolution
		{01908EC6-2770-4761-9B48-1BA03F124E84}.Debug|Any CPU.ActiveCfg = Debug|Any CPU
		{01908EC6-2770-4761-9B48-1BA03F124E84}.Debug|Any CPU.Build.0 = Debug|Any CPU
		{01908EC6-2770-4761-9B48-1BA03F124E84}.Release|Any CPU.ActiveCfg = Release|Any CPU
		{01908EC6-2770-4761-9B48-1BA03F124E84}.Release|Any CPU.Build.0 = Release|Any CPU
	EndGlobalSection
	GlobalSection(SolutionProperties) = preSolution
		HideSolutionNode = FALSE
	EndGlobalSection
	GlobalSection(ExtensibilityGlobals) = postSolution
		SolutionGuid = {CE280F54-7D7F-4D0D-AB13-3DBFC1278C06}
	EndGlobalSection
EndGlobal
